
Microsoft Visual Studio Solution File, Format Version 12.00
# Visual Studio 14
VisualStudioVersion = 14.0.25420.1
MinimumVisualStudioVersion = 10.0.40219.1
Project("{FAE04EC0-301F-11D3-BF4B-00C04F79EFBC}") = "SuperCollectingSilver", "SuperCollectingSilver\SuperCollectingSilver.csproj", "{8FEC860C-A46C-4975-9475-D7074A26E478}"
	ProjectSection(ProjectDependencies) = postProject
		{44B0583B-F58E-4EC2-9255-454546222C66} = {44B0583B-F58E-4EC2-9255-454546222C66}
	EndProjectSection
EndProject
Project("{FAE04EC0-301F-11D3-BF4B-00C04F79EFBC}") = "OAUS.Core", "OAUS.Core\OAUS.Core.csproj", "{44B0583B-F58E-4EC2-9255-454546222C66}"
EndProject
Project("{FAE04EC0-301F-11D3-BF4B-00C04F79EFBC}") = "OAUS.Server", "OAUS.Server\OAUS.Server.csproj", "{7EB9FF34-A3E9-43B8-8EBC-1F44BB910BE6}"
EndProject
Global
	GlobalSection(SolutionConfigurationPlatforms) = preSolution
		Debug|Any CPU = Debug|Any CPU
		Debug|x64 = Debug|x64
		Debug|x86 = Debug|x86
		Release|Any CPU = Release|Any CPU
		Release|x64 = Release|x64
		Release|x86 = Release|x86
	EndGlobalSection
	GlobalSection(ProjectConfigurationPlatforms) = postSolution
		{8FEC860C-A46C-4975-9475-D7074A26E478}.Debug|Any CPU.ActiveCfg = Debug|x64
		{8FEC860C-A46C-4975-9475-D7074A26E478}.Debug|Any CPU.Build.0 = Debug|x64
		{8FEC860C-A46C-4975-9475-D7074A26E478}.Debug|x64.ActiveCfg = Debug|x64
		{8FEC860C-A46C-4975-9475-D7074A26E478}.Debug|x64.Build.0 = Debug|x64
		{8FEC860C-A46C-4975-9475-D7074A26E478}.Debug|x86.ActiveCfg = Debug|x86
		{8FEC860C-A46C-4975-9475-D7074A26E478}.Debug|x86.Build.0 = Debug|x86
		{8FEC860C-A46C-4975-9475-D7074A26E478}.Release|Any CPU.ActiveCfg = Debug|x64
		{8FEC860C-A46C-4975-9475-D7074A26E478}.Release|Any CPU.Build.0 = Debug|x64
		{8FEC860C-A46C-4975-9475-D7074A26E478}.Release|x64.ActiveCfg = Release|x64
		{8FEC860C-A46C-4975-9475-D7074A26E478}.Release|x64.Build.0 = Release|x64
		{8FEC860C-A46C-4975-9475-D7074A26E478}.Release|x86.ActiveCfg = Release|x86
		{8FEC860C-A46C-4975-9475-D7074A26E478}.Release|x86.Build.0 = Release|x86
		{44B0583B-F58E-4EC2-9255-454546222C66}.Debug|Any CPU.ActiveCfg = Debug|Any CPU
		{44B0583B-F58E-4EC2-9255-454546222C66}.Debug|Any CPU.Build.0 = Debug|Any CPU
		{44B0583B-F58E-4EC2-9255-454546222C66}.Debug|x64.ActiveCfg = Debug|x64
		{44B0583B-F58E-4EC2-9255-454546222C66}.Debug|x64.Build.0 = Debug|x64
		{44B0583B-F58E-4EC2-9255-454546222C66}.Debug|x86.ActiveCfg = Debug|Any CPU
		{44B0583B-F58E-4EC2-9255-454546222C66}.Debug|x86.Build.0 = Debug|Any CPU
		{44B0583B-F58E-4EC2-9255-454546222C66}.Release|Any CPU.ActiveCfg = Release|Any CPU
		{44B0583B-F58E-4EC2-9255-454546222C66}.Release|Any CPU.Build.0 = Release|Any CPU
		{44B0583B-F58E-4EC2-9255-454546222C66}.Release|x64.ActiveCfg = Release|x64
		{44B0583B-F58E-4EC2-9255-454546222C66}.Release|x64.Build.0 = Release|x64
		{44B0583B-F58E-4EC2-9255-454546222C66}.Release|x86.ActiveCfg = Release|Any CPU
		{44B0583B-F58E-4EC2-9255-454546222C66}.Release|x86.Build.0 = Release|Any CPU
		{7EB9FF34-A3E9-43B8-8EBC-1F44BB910BE6}.Debug|Any CPU.ActiveCfg = Debug|x86
		{7EB9FF34-A3E9-43B8-8EBC-1F44BB910BE6}.Debug|x64.ActiveCfg = Debug|x64
		{7EB9FF34-A3E9-43B8-8EBC-1F44BB910BE6}.Debug|x86.ActiveCfg = Debug|x86
		{7EB9FF34-A3E9-43B8-8EBC-1F44BB910BE6}.Debug|x86.Build.0 = Debug|x86
		{7EB9FF34-A3E9-43B8-8EBC-1F44BB910BE6}.Release|Any CPU.ActiveCfg = Release|x86
		{7EB9FF34-A3E9-43B8-8EBC-1F44BB910BE6}.Release|x64.ActiveCfg = Release|x64
		{7EB9FF34-A3E9-43B8-8EBC-1F44BB910BE6}.Release|x86.ActiveCfg = Release|x86
		{7EB9FF34-A3E9-43B8-8EBC-1F44BB910BE6}.Release|x86.Build.0 = Release|x86
	EndGlobalSection
	GlobalSection(SolutionProperties) = preSolution
		HideSolutionNode = FALSE
	EndGlobalSection
	GlobalSection(ExtensibilityGlobals) = postSolution
		VisualSVNWorkingCopyRoot = .
	EndGlobalSection
EndGlobal
